<Project xmlns="http://schemas.microsoft.com/developer/msbuild/2003">
    <PropertyGroup>
        <ProjectGuid>{EC0BBFDD-9A1F-4650-B671-6F39A4C99E0F}</ProjectGuid>
        <ProjectVersion>18.0</ProjectVersion>
        <MainSource>TesteMegaConexao.dpr</MainSource>
        <Base>True</Base>
        <Config Condition="'$(Config)'==''">Debug</Config>
        <Platform Condition="'$(Platform)'==''">Win32</Platform>
        <TargetedPlatforms>1</TargetedPlatforms>
        <AppType>Console</AppType>
        <FrameworkType>VCL</FrameworkType>
    </PropertyGroup>
    <PropertyGroup Condition="'$(Config)'=='Base' or '$(Base)'!=''">
        <Base>true</Base>
    </PropertyGroup>
    <PropertyGroup Condition="('$(Platform)'=='Android' and '$(Base)'=='true') or '$(Base_Android)'!=''">
        <Base_Android>true</Base_Android>
        <CfgParent>Base</CfgParent>
        <Base>true</Base>
    </PropertyGroup>
    <PropertyGroup Condition="('$(Platform)'=='iOSDevice32' and '$(Base)'=='true') or '$(Base_iOSDevice32)'!=''">
        <Base_iOSDevice32>true</Base_iOSDevice32>
        <CfgParent>Base</CfgParent>
        <Base>true</Base>
    </PropertyGroup>
    <PropertyGroup Condition="('$(Platform)'=='iOSDevice64' and '$(Base)'=='true') or '$(Base_iOSDevice64)'!=''">
        <Base_iOSDevice64>true</Base_iOSDevice64>
        <CfgParent>Base</CfgParent>
        <Base>true</Base>
    </PropertyGroup>
    <PropertyGroup Condition="('$(Platform)'=='iOSSimulator' and '$(Base)'=='true') or '$(Base_iOSSimulator)'!=''">
        <Base_iOSSimulator>true</Base_iOSSimulator>
        <CfgParent>Base</CfgParent>
        <Base>true</Base>
    </PropertyGroup>
    <PropertyGroup Condition="('$(Platform)'=='OSX32' and '$(Base)'=='true') or '$(Base_OSX32)'!=''">
        <Base_OSX32>true</Base_OSX32>
        <CfgParent>Base</CfgParent>
        <Base>true</Base>
    </PropertyGroup>
    <PropertyGroup Condition="('$(Platform)'=='Win32' and '$(Base)'=='true') or '$(Base_Win32)'!=''">
        <Base_Win32>true</Base_Win32>
        <CfgParent>Base</CfgParent>
        <Base>true</Base>
    </PropertyGroup>
    <PropertyGroup Condition="('$(Platform)'=='Win64' and '$(Base)'=='true') or '$(Base_Win64)'!=''">
        <Base_Win64>true</Base_Win64>
        <CfgParent>Base</CfgParent>
        <Base>true</Base>
    </PropertyGroup>
    <PropertyGroup Condition="'$(Config)'=='Debug' or '$(Cfg_1)'!=''">
        <Cfg_1>true</Cfg_1>
        <CfgParent>Base</CfgParent>
        <Base>true</Base>
    </PropertyGroup>
    <PropertyGroup Condition="('$(Platform)'=='Win32' and '$(Cfg_1)'=='true') or '$(Cfg_1_Win32)'!=''">
        <Cfg_1_Win32>true</Cfg_1_Win32>
        <CfgParent>Cfg_1</CfgParent>
        <Cfg_1>true</Cfg_1>
        <Base>true</Base>
    </PropertyGroup>
    <PropertyGroup Condition="'$(Config)'=='Release' or '$(Cfg_2)'!=''">
        <Cfg_2>true</Cfg_2>
        <CfgParent>Base</CfgParent>
        <Base>true</Base>
    </PropertyGroup>
    <PropertyGroup Condition="'$(Base)'!=''">
        <Icns_MainIcns>$(BDS)\bin\delphi_PROJECTICNS.icns</Icns_MainIcns>
        <SanitizedProjectName>TesteMegaConexao</SanitizedProjectName>
        <DCC_Namespace>System;Xml;Data;Datasnap;Web;Soap;Vcl;Vcl.Imaging;Vcl.Touch;Vcl.Samples;Vcl.Shell;$(DCC_Namespace)</DCC_Namespace>
        <Icon_MainIcon>$(BDS)\bin\delphi_PROJECTICON.ico</Icon_MainIcon>
        <DCC_UnitSearchPath>$(DUnitX);$(DCC_UnitSearchPath)</DCC_UnitSearchPath>
        <UsingDelphiRTL>true</UsingDelphiRTL>
        <DCC_DcuOutput>.\$(Platform)\$(Config)</DCC_DcuOutput>
        <DCC_ExeOutput>.\$(Platform)\$(Config)</DCC_ExeOutput>
        <DCC_E>false</DCC_E>
        <DCC_N>false</DCC_N>
        <DCC_S>false</DCC_S>
        <DCC_F>false</DCC_F>
        <DCC_K>false</DCC_K>
    </PropertyGroup>
    <PropertyGroup Condition="'$(Base_Android)'!=''">
        <DCC_UsePackage>DBXSqliteDriver;tethering;FireDACDBXDriver;bindengine;CloudService;DataSnapClient;bindcompdbx;IndyIPServer;IndySystem;fmxFireDAC;FMXTee;soaprtl;DbxCommonDriver;xmlrtl;soapmidas;DataSnapNativeClient;rtl;DbxClientDriver;IndyIPClient;DataSnapProviderClient;RESTComponents;DBXInterBaseDriver;emsclientfiredac;DataSnapFireDAC;bindcompfmx;FmxTeeUI;FireDACIBDriver;fmx;dbexpress;IndyCore;dsnap;DataSnapCommon;emsclient;FireDACCommon;soapserver;FireDACCommonDriver;inet;IndyIPCommon;FireDAC;FireDACSqliteDriver;ibmonitor;ibxpress;ibxbindings;FireDACDSDriver;CustomIPTransport;bindcomp;dbxcds;dsnapxml;dbrtl;IndyProtocols;$(DCC_UsePackage)</DCC_UsePackage>
        <EnabledSysJars>android-support-v4.dex.jar;apk-expansion.dex.jar;cloud-messaging.dex.jar;fmx.dex.jar;google-analytics-v2.dex.jar;google-play-billing.dex.jar;google-play-licensing.dex.jar;google-play-services.dex.jar</EnabledSysJars>
    </PropertyGroup>
    <PropertyGroup Condition="'$(Base_iOSDevice32)'!=''">
        <DCC_UsePackage>DBXSqliteDriver;fmxase;tethering;FireDACDBXDriver;bindengine;CloudService;DataSnapClient;bindcompdbx;IndyIPServer;IndySystem;fmxFireDAC;FMXTee;soaprtl;DbxCommonDriver;xmlrtl;soapmidas;DataSnapNativeClient;rtl;DbxClientDriver;IndyIPClient;DataSnapProviderClient;RESTComponents;DBXInterBaseDriver;emsclientfiredac;DataSnapFireDAC;bindcompfmx;FmxTeeUI;FireDACIBDriver;fmx;dbexpress;IndyCore;dsnap;DataSnapCommon;emsclient;FireDACCommon;soapserver;FireDACCommonDriver;inet;IndyIPCommon;FireDAC;FireDACSqliteDriver;ibmonitor;ibxpress;ibxbindings;FireDACDSDriver;CustomIPTransport;bindcomp;dbxcds;dsnapxml;dbrtl;IndyProtocols;$(DCC_UsePackage)</DCC_UsePackage>
    </PropertyGroup>
    <PropertyGroup Condition="'$(Base_iOSDevice64)'!=''">
        <DCC_UsePackage>DBXSqliteDriver;fmxase;tethering;ACBr_NFe;FireDACDBXDriver;bindengine;CloudService;ACBr_PAF;DataSnapClient;bindcompdbx;IndyIPServer;ACBr_CTe;IndySystem;TBGWebCharts;ACBre_Social;fmxFireDAC;ACBr_SPED;ACBr_MDFe;FMXTee;soaprtl;DbxCommonDriver;xmlrtl;soapmidas;DataSnapNativeClient;rtl;DbxClientDriver;ACBr_Convenio115;IndyIPClient;ACBr_Boleto;DataSnapProviderClient;RESTComponents;DBXInterBaseDriver;ACBr_TEFD;emsclientfiredac;DataSnapFireDAC;bindcompfmx;ACBr_Diversos;FmxTeeUI;FireDACIBDriver;fmx;dbexpress;IndyCore;dsnap;DataSnapCommon;emsclient;FireDACCommon;ACBR_DeSTDA;soapserver;ACBr_Sintegra;FireDACCommonDriver;inet;IndyIPCommon;FireDAC;ACBr_Comum;FireDACSqliteDriver;ibmonitor;ibxpress;ibxbindings;FireDACDSDriver;CustomIPTransport;bindcomp;ACBr_Serial;frce;ACBr_BlocoX;dbxcds;ACBr_ANe;dsnapxml;dbrtl;IndyProtocols;$(DCC_UsePackage)</DCC_UsePackage>
    </PropertyGroup>
    <PropertyGroup Condition="'$(Base_iOSSimulator)'!=''">
        <DCC_UsePackage>DBXSqliteDriver;fmxase;tethering;FireDACDBXDriver;bindengine;CloudService;DataSnapClient;bindcompdbx;IndyIPServer;IndySystem;fmxFireDAC;FMXTee;soaprtl;DbxCommonDriver;xmlrtl;soapmidas;DataSnapNativeClient;rtl;DbxClientDriver;IndyIPClient;DataSnapProviderClient;RESTComponents;DBXInterBaseDriver;emsclientfiredac;DataSnapFireDAC;bindcompfmx;FmxTeeUI;FireDACIBDriver;fmx;dbexpress;IndyCore;dsnap;DataSnapCommon;emsclient;FireDACCommon;soapserver;FireDACCommonDriver;inet;IndyIPCommon;FireDAC;FireDACSqliteDriver;ibmonitor;ibxpress;ibxbindings;FireDACDSDriver;CustomIPTransport;bindcomp;dbxcds;dsnapxml;dbrtl;IndyProtocols;$(DCC_UsePackage)</DCC_UsePackage>
    </PropertyGroup>
    <PropertyGroup Condition="'$(Base_OSX32)'!=''">
        <DCC_UsePackage>DBXSqliteDriver;fmxase;tethering;FireDACMSSQLDriver;FireDACDBXDriver;bindengine;CloudService;FireDACMySQLDriver;DataSnapClient;bindcompdbx;IndyIPServer;IndySystem;fmxFireDAC;FireDACTDataDriver;FMXTee;soaprtl;DbxCommonDriver;xmlrtl;soapmidas;DataSnapNativeClient;fmxobj;rtl;DbxClientDriver;DBXSybaseASADriver;IndyIPClient;FireDACODBCDriver;DataSnapIndy10ServerTransport;DataSnapProviderClient;FireDACMongoDBDriver;DataSnapServerMidas;RESTComponents;DBXInterBaseDriver;emsclientfiredac;DataSnapFireDAC;bindcompfmx;DBXOracleDriver;inetdb;FmxTeeUI;FireDACIBDriver;fmx;fmxdae;dbexpress;IndyCore;dsnap;DataSnapCommon;emsclient;FireDACCommon;soapserver;FireDACOracleDriver;DBXMySQLDriver;DBXFirebirdDriver;FireDACCommonDriver;inet;IndyIPCommon;FireDAC;FireDACSqliteDriver;FireDACPgDriver;ibmonitor;FireDACASADriver;ibxpress;DataSnapServer;ibxbindings;FireDACDSDriver;CustomIPTransport;bindcomp;DBXInformixDriver;dbxcds;dsnapxml;dbrtl;inetdbxpress;IndyProtocols;$(DCC_UsePackage)</DCC_UsePackage>
    </PropertyGroup>
    <PropertyGroup Condition="'$(Base_Win32)'!=''">
        <DCC_Namespace>Winapi;System.Win;Data.Win;Datasnap.Win;Web.Win;Soap.Win;Xml.Win;Bde;$(DCC_Namespace)</DCC_Namespace>
        <DCC_UsePackage>DBXSqliteDriver;fmxase;DBXDb2Driver;vclactnband;frxe23;vclFireDAC;tethering;lmdrtplugin;FireDACADSDriver;fsTee23;ACBr_BPeDabpeESCPOS;JvPluginSystem;pckUserControl_DT;ACBr_BPe;ORMBrDriversLinks;FireDACMSSQLDriver;vcltouch;PNGDelphi;JvBands;vcldb;Intraweb;svn;frxcs23;Rave110VCL;lmdrtchartdb;JvJans;ACBr_NFe;ACBr_NFeDanfeESCPOS;pckUserControl_RT;ACBr_NFeDanfeFR;JvDotNetCtrls;lmdrtdialog;vclib;lmdrttools;DelPrintDX10;lmdrtrtf;fsDB23;FireDACDBXDriver;tmsexdXE10;vclx;lmdrtelpro;lmdrtthemes;lmdrtide;ACBr_Reinf;VCLRESTComponents;vclie;bindengine;CloudService;JvHMI;FireDACMySQLDriver;ACBr_PAF;pckUCDataConnector;DataSnapClient;fsADO23;bindcompdbx;ACBr_TCP;DBXSybaseASEDriver;IndyIPServer;ACBr_CTe;lmdrttoolsdb;IndySystem;TBGWebCharts;tmsxlsdXE10;pckUCRestConn;dsnapcon;ACBre_Social;FireDACMSAccDriver;fmxFireDAC;FireDACInfxDriver;vclimg;lmdrtchart;Jcl;ACBr_SPEDImportar;ORMBrManagerObjectSet;ACBr_SPED;ACBr_MDFe;lmdrttxt;frxADO23;ACBr_BoletoRL;ACBr_LFD;DBXOdbcDriver;FireDACTDataDriver;FMXTee;fs23;soaprtl;DbxCommonDriver;JvManagedThreads;xmlrtl;soapmidas;DataSnapNativeClient;fmxobj;JvTimeFramework;rtl;DbxClientDriver;DBXSybaseASADriver;JvSystem;JvStdCtrls;lmdrtprint;ACBr_Convenio115;appanalytics;lmdrtdocking;IndyIPClient;DBEBrConnectionFireDAC;bindcompvcl;frxDB23;lmdrtsyntax;ORMBrLibrary;REasyTEFD10Seattle;TeeUI;JvDocking;JvPascalInterpreter;VclSmp;lmdrttxtdb;FireDACODBCDriver;JclVcl;DataSnapIndy10ServerTransport;acntDX10_R;ACBr_Boleto;lmdrtscriptimp;DataSnapProviderClient;ACBr_SEF2;FireDACMongoDBDriver;frx23;JvControls;JvPrintPreview;ACBr_MDFeDamdfeFR;lmdrtstorage;DataSnapServerMidas;RESTComponents;lmdrtweb;lmdrtsearch;pckFireDacConn;DBXInterBaseDriver;ACBr_NF3e;ACBr_TEFD;pckUCDataSnapConn;emsclientfiredac;DataSnapFireDAC;svnui;lmdrtl;JvGlobus;DBXMSSQLDriver;JvMM;DatasnapConnectorsFreePascal;lmdrtbar;bindcompfmx;JvNet;lmdrteldb;DBXOracleDriver;inetdb;JvAppFrm;ACBr_Diversos;ACBr_GNREGuiaFR;FmxTeeUI;FireDACIBDriver;fmx;fmxdae;frxDBX23;ZipMasterR;acntDX10;JvWizards;dbexpress;IndyCore;lmdrtdesign;JvPageComps;dsnap;DataSnapCommon;emsclient;lmdrtrtlx;FireDACCommon;JvDB;lmdrtgrid;DBEBrConnectionDBExpress;lmdrtelcore;DataSnapConnectors;pckUCDBXConn;ACBR_DeSTDA;soapserver;frxTee23;JclDeveloperTools;lmdrtinspector;lmdrtfx;FireDACOracleDriver;DBXMySQLDriver;JvCmp;DBXFirebirdDriver;lmdrtsearchdb;ACBr_Sintegra;FireDACCommonDriver;ACBr_GNRE;inet;IndyIPCommon;JvCustom;vcl;JvXPCtrls;FireDACDb2Driver;RtmRxCtl230;pckUCIBXConn;ACBr_Integrador;lmdrtsys;pckHistorico;TeeDB;FireDAC;JvCore;ACBr_Comum;JvCrypt;FireDACSqliteDriver;FireDACPgDriver;ibmonitor;FireDACASADriver;JvDlgs;JvRuntimeDesign;RtmRxDB230;ibxpress;Tee;DataSnapServer;ibxbindings;lmdrtrtfdb;vclwinx;FireDACDSDriver;lmdrtscript;ACBr_OpenSSL;pckMD5;CustomIPTransport;vcldsnap;bindcomp;ACBr_Serial;DBXInformixDriver;tmswizdXE10;fsIBX23;frce;ACBr_BlocoX;vclribbon;dbxcds;frxIBX23;MegaMoeda;adortl;pckUCADOConn;ACBr_NFCeECFVirtual;ACBr_BoletoFR;ACBr_ANe;dsnapxml;dbrtl;inetdbxpress;IndyProtocols;JclContainers;ACBr_NF3eDANF3eESCPOS;ACBr_MTER;lmdrtcore;tmsdXE10;$(DCC_UsePackage)</DCC_UsePackage>
        <VerInfo_Keys>CompanyName=;FileDescription=;FileVersion=1.0.0.0;InternalName=;LegalCopyright=;LegalTrademarks=;OriginalFilename=;ProductName=;ProductVersion=1.0.0.0;Comments=</VerInfo_Keys>
        <VerInfo_Locale>1033</VerInfo_Locale>
    </PropertyGroup>
    <PropertyGroup Condition="'$(Base_Win64)'!=''">
        <DCC_UsePackage>DBXSqliteDriver;fmxase;DBXDb2Driver;vclactnband;vclFireDAC;tethering;lmdrtplugin;FireDACADSDriver;pckUserControl_DT;FireDACMSSQLDriver;vcltouch;vcldb;Intraweb;lmdrtchartdb;lmdrtdialog;vclib;lmdrttools;lmdrtrtf;FireDACDBXDriver;tmsexdXE10;vclx;lmdrtelpro;lmdrtthemes;lmdrtide;VCLRESTComponents;vclie;bindengine;CloudService;FireDACMySQLDriver;pckUCDataConnector;DataSnapClient;bindcompdbx;DBXSybaseASEDriver;IndyIPServer;lmdrttoolsdb;IndySystem;pckUCRestConn;dsnapcon;FireDACMSAccDriver;fmxFireDAC;FireDACInfxDriver;vclimg;lmdrtchart;lmdrttxt;DBXOdbcDriver;FireDACTDataDriver;FMXTee;soaprtl;DbxCommonDriver;xmlrtl;soapmidas;DataSnapNativeClient;fmxobj;rtl;DbxClientDriver;DBXSybaseASADriver;lmdrtprint;appanalytics;lmdrtdocking;IndyIPClient;bindcompvcl;lmdrtsyntax;ORMBrLibrary;TeeUI;VclSmp;lmdrttxtdb;FireDACODBCDriver;DataSnapIndy10ServerTransport;lmdrtscriptimp;DataSnapProviderClient;FireDACMongoDBDriver;lmdrtstorage;DataSnapServerMidas;RESTComponents;lmdrtweb;lmdrtsearch;pckFireDacConn;DBXInterBaseDriver;pckUCDataSnapConn;emsclientfiredac;DataSnapFireDAC;lmdrtl;DBXMSSQLDriver;DatasnapConnectorsFreePascal;lmdrtbar;bindcompfmx;lmdrteldb;DBXOracleDriver;inetdb;FmxTeeUI;FireDACIBDriver;fmx;fmxdae;ZipMasterR;dbexpress;IndyCore;lmdrtdesign;dsnap;DataSnapCommon;emsclient;lmdrtrtlx;FireDACCommon;lmdrtgrid;lmdrtelcore;DataSnapConnectors;pckUCDBXConn;soapserver;lmdrtinspector;lmdrtfx;FireDACOracleDriver;DBXMySQLDriver;DBXFirebirdDriver;lmdrtsearchdb;FireDACCommonDriver;inet;IndyIPCommon;vcl;FireDACDb2Driver;pckUCIBXConn;lmdrtsys;pckHistorico;TeeDB;FireDAC;FireDACSqliteDriver;FireDACPgDriver;ibmonitor;FireDACASADriver;ibxpress;Tee;DataSnapServer;ibxbindings;lmdrtrtfdb;vclwinx;FireDACDSDriver;lmdrtscript;pckMD5;CustomIPTransport;vcldsnap;bindcomp;DBXInformixDriver;vclribbon;dbxcds;adortl;pckUCADOConn;dsnapxml;dbrtl;inetdbxpress;IndyProtocols;lmdrtcore;tmsdXE10;$(DCC_UsePackage)</DCC_UsePackage>
    </PropertyGroup>
    <PropertyGroup Condition="'$(Cfg_1)'!=''">
        <DCC_Define>DEBUG;$(DCC_Define)</DCC_Define>
        <DCC_DebugDCUs>true</DCC_DebugDCUs>
        <DCC_Optimize>false</DCC_Optimize>
        <DCC_GenerateStackFrames>true</DCC_GenerateStackFrames>
        <DCC_DebugInfoInExe>true</DCC_DebugInfoInExe>
        <DCC_RemoteDebug>true</DCC_RemoteDebug>
    </PropertyGroup>
    <PropertyGroup Condition="'$(Cfg_1_Win32)'!=''">
        <DCC_RemoteDebug>false</DCC_RemoteDebug>
    </PropertyGroup>
    <PropertyGroup Condition="'$(Cfg_2)'!=''">
        <DCC_LocalDebugSymbols>false</DCC_LocalDebugSymbols>
        <DCC_Define>RELEASE;$(DCC_Define)</DCC_Define>
        <DCC_SymbolReferenceInfo>0</DCC_SymbolReferenceInfo>
        <DCC_DebugInformation>0</DCC_DebugInformation>
    </PropertyGroup>
    <ItemGroup>
        <DelphiCompile Include="$(MainSource)">
            <MainSource>MainSource</MainSource>
        </DelphiCompile>
        <DCCReference Include="Utils\TesteCriadorDePasta.pas"/>
        <DCCReference Include="Logger\TesteLogger.pas"/>
        <DCCReference Include="..\MegaConexao\Logger\MegaConexao.Logger.Logger.pas"/>
        <DCCReference Include="..\MegaConexao\Logger\MegaConexao.Logger.iLogger.pas"/>
        <DCCReference Include="Conexao\MegaConexao.Testes.Conexao.LeitorParametrosSQLite.pas"/>
        <DCCReference Include="..\MegaConexao\Conexao\ParametroConexao\MegaConexao.Conexao.ParametroConexao.IParametroConexao.pas"/>
        <DCCReference Include="Conexao\MegaConexao.Testes.Conexao.ConexaoSQLite.pas"/>
        <DCCReference Include="..\MegaConexao\Conexao\MegaConexao.Conexao.iMegaConexao.pas"/>
        <DCCReference Include="Query\TesteQuery.pas"/>
        <DCCReference Include="..\MegaConexao\Conexao\MegaConexao.Conexao.ConexaoFireBird.pas"/>
        <DCCReference Include="..\MegaConexao\Query\MegaConexao.Query.iQuery.pas"/>
        <DCCReference Include="..\MegaConexao\Query\MegaConexao.Query.MegaQuery.pas"/>
        <DCCReference Include="..\MegaConexao\Conexao\ParametroConexao\MegaConexao.Conexao.ParametroConexao.LeitorParametrosFireBird.pas"/>
        <DCCReference Include="..\MegaConexao\Utils\MegaConexao.Utils.CriadorDeCaminho.pas"/>
        <DCCReference Include="..\MegaConexao\Utils\MegaConexao.Utils.CriadorDePasta.pas"/>
        <DCCReference Include="..\MegaConexao\Utils\MegaConexao.Utils.CriadorNomeArquivo.pas"/>
        <DCCReference Include="..\MegaConexao\Utils\MegaConexao.Utils.FerramentasApiWindows.pas"/>
        <DCCReference Include="..\MegaConexao\SqlBuilder\MegaConexao.SqlBuilder.iSqlBuilder.pas"/>
        <DCCReference Include="..\MegaConexao\SqlBuilder\MegaConexao.SqlBuilder.SqlBuilderInsert.pas"/>
        <DCCReference Include="..\MegaConexao\SqlBuilder\MegaConexao.SqlBuilder.SqlBuilderBase.pas"/>
        <BuildConfiguration Include="Release">
            <Key>Cfg_2</Key>
            <CfgParent>Base</CfgParent>
        </BuildConfiguration>
        <BuildConfiguration Include="Base">
            <Key>Base</Key>
        </BuildConfiguration>
        <BuildConfiguration Include="Debug">
            <Key>Cfg_1</Key>
            <CfgParent>Base</CfgParent>
        </BuildConfiguration>
    </ItemGroup>
    <ProjectExtensions>
        <Borland.Personality>Delphi.Personality.12</Borland.Personality>
        <Borland.ProjectType>Console</Borland.ProjectType>
        <BorlandProject>
            <Delphi.Personality>
                <Source>
                    <Source Name="MainSource">TesteMegaConexao.dpr</Source>
                </Source>
            </Delphi.Personality>
            <Deployment Version="2">
                <DeployFile LocalName="$(BDS)\Redist\osx32\libcgunwind.1.0.dylib" Class="DependencyModule">
                    <Platform Name="OSX32">
                        <Overwrite>true</Overwrite>
                    </Platform>
                </DeployFile>
                <DeployFile LocalName="$(BDS)\Redist\iossimulator\libcgunwind.1.0.dylib" Class="DependencyModule">
                    <Platform Name="iOSSimulator">
                        <Overwrite>true</Overwrite>
                    </Platform>
                </DeployFile>
                <DeployFile LocalName="$(BDS)\Redist\iossimulator\libPCRE.dylib" Class="DependencyModule">
                    <Platform Name="iOSSimulator">
                        <Overwrite>true</Overwrite>
                    </Platform>
                </DeployFile>
                <DeployFile LocalName="Win32\Debug\TesteMegaConexao.exe" Configuration="Debug" Class="ProjectOutput">
                    <Platform Name="Win32">
                        <RemoteName>TesteMegaConexao.exe</RemoteName>
                        <Overwrite>true</Overwrite>
                    </Platform>
                </DeployFile>
                <DeployClass Name="DependencyModule">
                    <Platform Name="Win32">
                        <Operation>0</Operation>
                        <Extensions>.dll;.bpl</Extensions>
                    </Platform>
                    <Platform Name="OSX32">
                        <Operation>1</Operation>
                        <Extensions>.dylib</Extensions>
                    </Platform>
                </DeployClass>
                <DeployClass Name="ProjectOSXResource">
                    <Platform Name="OSX32">
                        <RemoteDir>Contents\Resources</RemoteDir>
                        <Operation>1</Operation>
                    </Platform>
                </DeployClass>
                <DeployClass Name="AndroidClassesDexFile">
                    <Platform Name="Android">
                        <RemoteDir>classes</RemoteDir>
                        <Operation>1</Operation>
                    </Platform>
                </DeployClass>
                <DeployClass Name="AdditionalDebugSymbols">
                    <Platform Name="Win32">
                        <RemoteDir>Contents\MacOS</RemoteDir>
                        <Operation>0</Operation>
                    </Platform>
                    <Platform Name="OSX32">
                        <Operation>1</Operation>
                    </Platform>
                </DeployClass>
                <DeployClass Name="iPad_Launch768">
                    <Platform Name="iOSSimulator">
                        <Operation>1</Operation>
                    </Platform>
                    <Platform Name="iOSDevice64">
                        <Operation>1</Operation>
                    </Platform>
                    <Platform Name="iOSDevice32">
                        <Operation>1</Operation>
                    </Platform>
                </DeployClass>
                <DeployClass Name="Android_LauncherIcon144">
                    <Platform Name="Android">
                        <RemoteDir>res\drawable-xxhdpi</RemoteDir>
                        <Operation>1</Operation>
                    </Platform>
                </DeployClass>
                <DeployClass Name="AndroidLibnativeMipsFile">
                    <Platform Name="Android">
                        <RemoteDir>library\lib\mips</RemoteDir>
                        <Operation>1</Operation>
                    </Platform>
                </DeployClass>
                <DeployClass Required="true" Name="ProjectOutput">
                    <Platform Name="Win32">
                        <Operation>0</Operation>
                    </Platform>
                    <Platform Name="iOSDevice64">
                        <Operation>1</Operation>
                    </Platform>
                    <Platform Name="OSX32">
                        <Operation>1</Operation>
                    </Platform>
                    <Platform Name="iOSDevice32">
                        <Operation>1</Operation>
                    </Platform>
                    <Platform Name="Android">
                        <RemoteDir>library\lib\armeabi-v7a</RemoteDir>
                        <Operation>1</Operation>
                    </Platform>
                    <Platform Name="iOSSimulator">
                        <Operation>1</Operation>
                    </Platform>
                </DeployClass>
                <DeployClass Name="DependencyFramework">
                    <Platform Name="Win32">
                        <Operation>0</Operation>
                    </Platform>
                    <Platform Name="OSX32">
                        <Operation>1</Operation>
                        <Extensions>.framework</Extensions>
                    </Platform>
                </DeployClass>
                <DeployClass Name="iPhone_Launch640">
                    <Platform Name="iOSSimulator">
                        <Operation>1</Operation>
                    </Platform>
                    <Platform Name="iOSDevice64">
                        <Operation>1</Operation>
                    </Platform>
                    <Platform Name="iOSDevice32">
                        <Operation>1</Operation>
                    </Platform>
                </DeployClass>
                <DeployClass Name="iPad_Launch1024">
                    <Platform Name="iOSSimulator">
                        <Operation>1</Operation>
                    </Platform>
                    <Platform Name="iOSDevice64">
                        <Operation>1</Operation>
                    </Platform>
                    <Platform Name="iOSDevice32">
                        <Operation>1</Operation>
                    </Platform>
                </DeployClass>
                <DeployClass Name="ProjectiOSDeviceDebug">
                    <Platform Name="iOSDevice64">
                        <RemoteDir>..\$(PROJECTNAME).app.dSYM\Contents\Resources\DWARF</RemoteDir>
                        <Operation>1</Operation>
                    </Platform>
                    <Platform Name="iOSDevice32">
                        <RemoteDir>..\$(PROJECTNAME).app.dSYM\Contents\Resources\DWARF</RemoteDir>
                        <Operation>1</Operation>
                    </Platform>
                </DeployClass>
                <DeployClass Name="AndroidLibnativeX86File">
                    <Platform Name="Android">
                        <RemoteDir>library\lib\x86</RemoteDir>
                        <Operation>1</Operation>
                    </Platform>
                </DeployClass>
                <DeployClass Name="iPhone_Launch320">
                    <Platform Name="iOSSimulator">
                        <Operation>1</Operation>
                    </Platform>
                    <Platform Name="iOSDevice64">
                        <Operation>1</Operation>
                    </Platform>
                    <Platform Name="iOSDevice32">
                        <Operation>1</Operation>
                    </Platform>
                </DeployClass>
                <DeployClass Name="ProjectiOSInfoPList"/>
                <DeployClass Name="AndroidLibnativeArmeabiFile">
                    <Platform Name="Android">
                        <RemoteDir>library\lib\armeabi</RemoteDir>
                        <Operation>1</Operation>
                    </Platform>
                </DeployClass>
                <DeployClass Name="DebugSymbols">
                    <Platform Name="Win32">
                        <Operation>0</Operation>
                    </Platform>
                    <Platform Name="iOSSimulator">
                        <Operation>1</Operation>
                    </Platform>
                    <Platform Name="OSX32">
                        <Operation>1</Operation>
                    </Platform>
                </DeployClass>
                <DeployClass Name="iPad_Launch1536">
                    <Platform Name="iOSSimulator">
                        <Operation>1</Operation>
                    </Platform>
                    <Platform Name="iOSDevice64">
                        <Operation>1</Operation>
                    </Platform>
                    <Platform Name="iOSDevice32">
                        <Operation>1</Operation>
                    </Platform>
                </DeployClass>
                <DeployClass Name="Android_SplashImage470">
                    <Platform Name="Android">
                        <RemoteDir>res\drawable-normal</RemoteDir>
                        <Operation>1</Operation>
                    </Platform>
                </DeployClass>
                <DeployClass Name="Android_LauncherIcon96">
                    <Platform Name="Android">
                        <RemoteDir>res\drawable-xhdpi</RemoteDir>
                        <Operation>1</Operation>
                    </Platform>
                </DeployClass>
                <DeployClass Name="Android_SplashImage640">
                    <Platform Name="Android">
                        <RemoteDir>res\drawable-large</RemoteDir>
                        <Operation>1</Operation>
                    </Platform>
                </DeployClass>
                <DeployClass Name="iPhone_Launch640x1136">
                    <Platform Name="iOSSimulator">
                        <Operation>1</Operation>
                    </Platform>
                    <Platform Name="iOSDevice64">
                        <Operation>1</Operation>
                    </Platform>
                    <Platform Name="iOSDevice32">
                        <Operation>1</Operation>
                    </Platform>
                </DeployClass>
                <DeployClass Name="ProjectiOSEntitlements"/>
                <DeployClass Name="Android_LauncherIcon72">
                    <Platform Name="Android">
                        <RemoteDir>res\drawable-hdpi</RemoteDir>
                        <Operation>1</Operation>
                    </Platform>
                </DeployClass>
                <DeployClass Name="AndroidGDBServer">
                    <Platform Name="Android">
                        <RemoteDir>library\lib\armeabi-v7a</RemoteDir>
                        <Operation>1</Operation>
                    </Platform>
                </DeployClass>
                <DeployClass Name="ProjectOSXInfoPList"/>
                <DeployClass Name="ProjectOSXEntitlements"/>
                <DeployClass Name="iPad_Launch2048">
                    <Platform Name="iOSSimulator">
                        <Operation>1</Operation>
                    </Platform>
                    <Platform Name="iOSDevice64">
                        <Operation>1</Operation>
                    </Platform>
                    <Platform Name="iOSDevice32">
                        <Operation>1</Operation>
                    </Platform>
                </DeployClass>
                <DeployClass Name="AndroidSplashStyles">
                    <Platform Name="Android">
                        <RemoteDir>res\values</RemoteDir>
                        <Operation>1</Operation>
                    </Platform>
                </DeployClass>
                <DeployClass Name="Android_SplashImage426">
                    <Platform Name="Android">
                        <RemoteDir>res\drawable-small</RemoteDir>
                        <Operation>1</Operation>
                    </Platform>
                </DeployClass>
                <DeployClass Name="AndroidSplashImageDef">
                    <Platform Name="Android">
                        <RemoteDir>res\drawable</RemoteDir>
                        <Operation>1</Operation>
                    </Platform>
                </DeployClass>
                <DeployClass Name="ProjectiOSResource">
                    <Platform Name="iOSSimulator">
                        <Operation>1</Operation>
                    </Platform>
                    <Platform Name="iOSDevice64">
                        <Operation>1</Operation>
                    </Platform>
                    <Platform Name="iOSDevice32">
                        <Operation>1</Operation>
                    </Platform>
                </DeployClass>
                <DeployClass Name="ProjectAndroidManifest">
                    <Platform Name="Android">
                        <Operation>1</Operation>
                    </Platform>
                </DeployClass>
                <DeployClass Name="Android_DefaultAppIcon">
                    <Platform Name="Android">
                        <RemoteDir>res\drawable</RemoteDir>
                        <Operation>1</Operation>
                    </Platform>
                </DeployClass>
                <DeployClass Name="File">
                    <Platform Name="Win32">
                        <Operation>0</Operation>
                    </Platform>
                    <Platform Name="iOSDevice64">
                        <Operation>0</Operation>
                    </Platform>
                    <Platform Name="OSX32">
                        <Operation>0</Operation>
                    </Platform>
                    <Platform Name="iOSDevice32">
                        <Operation>0</Operation>
                    </Platform>
                    <Platform Name="Android">
                        <Operation>0</Operation>
                    </Platform>
                    <Platform Name="iOSSimulator">
                        <Operation>0</Operation>
                    </Platform>
                </DeployClass>
                <DeployClass Name="AndroidServiceOutput">
                    <Platform Name="Android">
                        <RemoteDir>library\lib\armeabi-v7a</RemoteDir>
                        <Operation>1</Operation>
                    </Platform>
                </DeployClass>
                <DeployClass Required="true" Name="DependencyPackage">
                    <Platform Name="Win32">
                        <Operation>0</Operation>
                        <Extensions>.bpl</Extensions>
                    </Platform>
                    <Platform Name="iOSDevice64">
                        <Operation>1</Operation>
                        <Extensions>.dylib</Extensions>
                    </Platform>
                    <Platform Name="OSX32">
                        <Operation>1</Operation>
                        <Extensions>.dylib</Extensions>
                    </Platform>
                    <Platform Name="iOSDevice32">
                        <Operation>1</Operation>
                        <Extensions>.dylib</Extensions>
                    </Platform>
                    <Platform Name="iOSSimulator">
                        <Operation>1</Operation>
                        <Extensions>.dylib</Extensions>
                    </Platform>
                </DeployClass>
                <DeployClass Name="Android_LauncherIcon48">
                    <Platform Name="Android">
                        <RemoteDir>res\drawable-mdpi</RemoteDir>
                        <Operation>1</Operation>
                    </Platform>
                </DeployClass>
                <DeployClass Name="Android_SplashImage960">
                    <Platform Name="Android">
                        <RemoteDir>res\drawable-xlarge</RemoteDir>
                        <Operation>1</Operation>
                    </Platform>
                </DeployClass>
                <DeployClass Name="Android_LauncherIcon36">
                    <Platform Name="Android">
                        <RemoteDir>res\drawable-ldpi</RemoteDir>
                        <Operation>1</Operation>
                    </Platform>
                </DeployClass>
                <DeployClass Name="ProjectiOSDeviceResourceRules"/>
                <ProjectRoot Platform="iOSDevice64" Name="$(PROJECTNAME).app"/>
                <ProjectRoot Platform="Win64" Name="$(PROJECTNAME)"/>
                <ProjectRoot Platform="iOSDevice32" Name="$(PROJECTNAME).app"/>
                <ProjectRoot Platform="Win32" Name="$(PROJECTNAME)"/>
                <ProjectRoot Platform="OSX32" Name="$(PROJECTNAME)"/>
                <ProjectRoot Platform="Android" Name="$(PROJECTNAME)"/>
                <ProjectRoot Platform="iOSSimulator" Name="$(PROJECTNAME).app"/>
            </Deployment>
            <Platforms>
                <Platform value="Android">False</Platform>
                <Platform value="iOSDevice32">False</Platform>
                <Platform value="iOSDevice64">False</Platform>
                <Platform value="iOSSimulator">False</Platform>
                <Platform value="OSX32">False</Platform>
                <Platform value="Win32">True</Platform>
                <Platform value="Win64">False</Platform>
            </Platforms>
        </BorlandProject>
        <ProjectFileVersion>12</ProjectFileVersion>
    </ProjectExtensions>
    <Import Project="$(BDS)\Bin\CodeGear.Delphi.Targets" Condition="Exists('$(BDS)\Bin\CodeGear.Delphi.Targets')"/>
    <Import Project="$(APPDATA)\Embarcadero\$(BDSAPPDATABASEDIR)\$(PRODUCTVERSION)\UserTools.proj" Condition="Exists('$(APPDATA)\Embarcadero\$(BDSAPPDATABASEDIR)\$(PRODUCTVERSION)\UserTools.proj')"/>
    <Import Project="$(MSBuildProjectName).deployproj" Condition="Exists('$(MSBuildProjectName).deployproj')"/>
</Project>
